
Microsoft Visual Studio Solution File, Format Version 12.00
# Visual Studio Express 2012 for Windows Desktop
Project("{FAE04EC0-301F-11D3-BF4B-00C04F79EFBC}") = "NetduinoDS1307.RTC_Test", "NetduinoDS1307.RTC_Test\NetduinoDS1307.RTC_Test.csproj", "{395A6C8B-42D2-4197-A953-577D0BC5490B}"
EndProject
Global
	GlobalSection(SolutionConfigurationPlatforms) = preSolution
		Debug|Any CPU = Debug|Any CPU
		Release|Any CPU = Release|Any CPU
	EndGlobalSection
	GlobalSection(ProjectConfigurationPlatforms) = postSolution
		{395A6C8B-42D2-4197-A953-577D0BC5490B}.Debug|Any CPU.ActiveCfg = Debug|Any CPU
		{395A6C8B-42D2-4197-A953-577D0BC5490B}.Debug|Any CPU.Build.0 = Debug|Any CPU
		{395A6C8B-42D2-4197-A953-577D0BC5490B}.Debug|Any CPU.Deploy.0 = Debug|Any CPU
		{395A6C8B-42D2-4197-A953-577D0BC5490B}.Release|Any CPU.ActiveCfg = Release|Any CPU
		{395A6C8B-42D2-4197-A953-577D0BC5490B}.Release|Any CPU.Build.0 = Release|Any CPU
		{395A6C8B-42D2-4197-A953-577D0BC5490B}.Release|Any CPU.Deploy.0 = Release|Any CPU
	EndGlobalSection
	GlobalSection(SolutionProperties) = preSolution
		HideSolutionNode = FALSE
	EndGlobalSection
EndGlobal
